
Microsoft Visual Studio Solution File, Format Version 12.00
# Visual Studio Version 17
VisualStudioVersion = 17.5.002.0
MinimumVisualStudioVersion = 10.0.40219.1
Project("{9A19103F-16F7-4668-BE54-9A1E7A4F7556}") = "Exo.WebApi", "Exo.WebApi.csproj", "{55DF50D3-CF52-4B4D-A471-CCFC233F9534}"
EndProject
Global
	GlobalSection(SolutionConfigurationPlatforms) = preSolution
		Debug|Any CPU = Debug|Any CPU
		Release|Any CPU = Release|Any CPU
	EndGlobalSection
	GlobalSection(ProjectConfigurationPlatforms) = postSolution
		{55DF50D3-CF52-4B4D-A471-CCFC233F9534}.Debug|Any CPU.ActiveCfg = Debug|Any CPU
		{55DF50D3-CF52-4B4D-A471-CCFC233F9534}.Debug|Any CPU.Build.0 = Debug|Any CPU
		{55DF50D3-CF52-4B4D-A471-CCFC233F9534}.Release|Any CPU.ActiveCfg = Release|Any CPU
		{55DF50D3-CF52-4B4D-A471-CCFC233F9534}.Release|Any CPU.Build.0 = Release|Any CPU
	EndGlobalSection
	GlobalSection(SolutionProperties) = preSolution
		HideSolutionNode = FALSE
	EndGlobalSection
	GlobalSection(ExtensibilityGlobals) = postSolution
		SolutionGuid = {FDF39BDD-EA80-4B5F-AE35-3C29F10F1A38}
	EndGlobalSection
EndGlobal
